# THIS IS AN AUTOGENERATED FILE. DO NOT EDIT THIS FILE DIRECTLY.
# yarn lockfile v1


"@lune-climate/eslint-config@git+https://github.com/lune-climate/eslint-config.git#master":
  version "0.0.1-alpha.1"
  resolved "git+https://github.com/lune-climate/eslint-config.git#24ed51eca85ced34a23c32b7b2436bfc20704fe3"
  dependencies:
    eslint-config-prettier "^9.0.0"
    eslint-config-standard "^17.1.0"

eslint-config-prettier@^9.0.0:
  version "9.1.0"
  resolved "https://registry.yarnpkg.com/eslint-config-prettier/-/eslint-config-prettier-9.1.0.tgz#31af3d94578645966c082fcb71a5846d3c94867f"
  integrity sha512-NSWl5BFQWEPi1j4TjVNItzYV7dZXZ+wP6I6ZhrBGpChQhZRUaElihE9uRRkcbRnNb76UMKDF3r+WTmNcGPKsqw==

eslint-config-standard@^17.1.0:
  version "17.1.0"
  resolved "https://registry.yarnpkg.com/eslint-config-standard/-/eslint-config-standard-17.1.0.tgz#40ffb8595d47a6b242e07cbfd49dc211ed128975"
  integrity sha512-IwHwmaBNtDK4zDHQukFDW5u/aTb8+meQWZvNFWkiGmbWjD6bqyuSSBxxXKkCftCUzc1zwCH2m/baCNDLGmuO5Q==

typescript@^5.3.3:
  version "5.3.3"
  resolved "https://registry.yarnpkg.com/typescript/-/typescript-5.3.3.tgz#b3ce6ba258e72e6305ba66f5c9b452aaee3ffe37"
  integrity sha512-pXWcraxM0uxAS+tN0AG/BF2TyqmHO014Z070UsJ+pFvYuRSq8KH8DmWpnbXe0pEPDHXZV3FcAbJkijJ5oNEnWw==
